
Microsoft Visual Studio Solution File, Format Version 12.00
# Visual Studio 15
VisualStudioVersion = 15.0.27130.2036
MinimumVisualStudioVersion = 10.0.40219.1
Project("{8BC9CEB8-8B4A-11D0-8D11-00A0C91BC942}") = "Argash", "Argash\Argash.vcxproj", "{A75AEB07-8F47-43CE-86BC-FEDB68EC399E}"
	ProjectSection(ProjectDependencies) = postProject
		{6177030B-0516-43DC-B286-E11A106DA549} = {6177030B-0516-43DC-B286-E11A106DA549}
	EndProjectSection
EndProject
Project("{8BC9CEB8-8B4A-11D0-8D11-00A0C91BC942}") = "TungstenLib", "TungstenLib\TungstenLib.vcxproj", "{6177030B-0516-43DC-B286-E11A106DA549}"
EndProject
Project("{8BC9CEB8-8B4A-11D0-8D11-00A0C91BC942}") = "TungstenOsmosis", "TungstenOsmosis\TungstenOsmosis.vcxproj", "{2E61FE58-99DC-4C70-BC9C-10C8D445B23C}"
EndProject
Project("{FAE04EC0-301F-11D3-BF4B-00C04F79EFBC}") = "TungstenWPFSecondaryWindow", "TungstenClient\TungstenWPFSecondaryWindow.csproj", "{4E5971CA-9830-49B6-9EFF-46E03A2756B3}"
EndProject
Project("{FAE04EC0-301F-11D3-BF4B-00C04F79EFBC}") = "TungstenWPFImage", "TungstenWPFImage\TungstenWPFImage.csproj", "{4239FFB7-7FD9-4C1D-A18A-C302181904BD}"
EndProject
Global
	GlobalSection(SolutionConfigurationPlatforms) = preSolution
		Debug|Any CPU = Debug|Any CPU
		Debug|Win32 = Debug|Win32
		Debug|x64 = Debug|x64
		Release|Any CPU = Release|Any CPU
		Release|Win32 = Release|Win32
		Release|x64 = Release|x64
	EndGlobalSection
	GlobalSection(ProjectConfigurationPlatforms) = postSolution
		{A75AEB07-8F47-43CE-86BC-FEDB68EC399E}.Debug|Any CPU.ActiveCfg = Debug|Win32
		{A75AEB07-8F47-43CE-86BC-FEDB68EC399E}.Debug|Any CPU.Build.0 = Debug|Win32
		{A75AEB07-8F47-43CE-86BC-FEDB68EC399E}.Debug|Win32.ActiveCfg = Debug|Win32
		{A75AEB07-8F47-43CE-86BC-FEDB68EC399E}.Debug|Win32.Build.0 = Debug|Win32
		{A75AEB07-8F47-43CE-86BC-FEDB68EC399E}.Debug|x64.ActiveCfg = Debug|Win32
		{A75AEB07-8F47-43CE-86BC-FEDB68EC399E}.Debug|x64.Build.0 = Debug|Win32
		{A75AEB07-8F47-43CE-86BC-FEDB68EC399E}.Release|Any CPU.ActiveCfg = Release|Win32
		{A75AEB07-8F47-43CE-86BC-FEDB68EC399E}.Release|Win32.ActiveCfg = Release|Win32
		{A75AEB07-8F47-43CE-86BC-FEDB68EC399E}.Release|Win32.Build.0 = Release|Win32
		{A75AEB07-8F47-43CE-86BC-FEDB68EC399E}.Release|x64.ActiveCfg = Release|Win32
		{6177030B-0516-43DC-B286-E11A106DA549}.Debug|Any CPU.ActiveCfg = Debug|x64
		{6177030B-0516-43DC-B286-E11A106DA549}.Debug|Win32.ActiveCfg = Debug|Win32
		{6177030B-0516-43DC-B286-E11A106DA549}.Debug|Win32.Build.0 = Debug|Win32
		{6177030B-0516-43DC-B286-E11A106DA549}.Debug|x64.ActiveCfg = Debug|x64
		{6177030B-0516-43DC-B286-E11A106DA549}.Release|Any CPU.ActiveCfg = Release|Win32
		{6177030B-0516-43DC-B286-E11A106DA549}.Release|Win32.ActiveCfg = Release|Win32
		{6177030B-0516-43DC-B286-E11A106DA549}.Release|Win32.Build.0 = Release|Win32
		{6177030B-0516-43DC-B286-E11A106DA549}.Release|x64.ActiveCfg = Release|x64
		{6177030B-0516-43DC-B286-E11A106DA549}.Release|x64.Build.0 = Release|x64
		{2E61FE58-99DC-4C70-BC9C-10C8D445B23C}.Debug|Any CPU.ActiveCfg = Debug|x64
		{2E61FE58-99DC-4C70-BC9C-10C8D445B23C}.Debug|Any CPU.Build.0 = Debug|x64
		{2E61FE58-99DC-4C70-BC9C-10C8D445B23C}.Debug|Win32.ActiveCfg = Debug|x64
		{2E61FE58-99DC-4C70-BC9C-10C8D445B23C}.Debug|Win32.Build.0 = Debug|x64
		{2E61FE58-99DC-4C70-BC9C-10C8D445B23C}.Debug|x64.ActiveCfg = Debug|x64
		{2E61FE58-99DC-4C70-BC9C-10C8D445B23C}.Debug|x64.Build.0 = Debug|x64
		{2E61FE58-99DC-4C70-BC9C-10C8D445B23C}.Release|Any CPU.ActiveCfg = Release|Win32
		{2E61FE58-99DC-4C70-BC9C-10C8D445B23C}.Release|Win32.ActiveCfg = Release|Win32
		{2E61FE58-99DC-4C70-BC9C-10C8D445B23C}.Release|Win32.Build.0 = Release|Win32
		{2E61FE58-99DC-4C70-BC9C-10C8D445B23C}.Release|x64.ActiveCfg = Release|x64
		{2E61FE58-99DC-4C70-BC9C-10C8D445B23C}.Release|x64.Build.0 = Release|x64
		{4E5971CA-9830-49B6-9EFF-46E03A2756B3}.Debug|Any CPU.ActiveCfg = Debug|Any CPU
		{4E5971CA-9830-49B6-9EFF-46E03A2756B3}.Debug|Any CPU.Build.0 = Debug|Any CPU
		{4E5971CA-9830-49B6-9EFF-46E03A2756B3}.Debug|Win32.ActiveCfg = Debug|Any CPU
		{4E5971CA-9830-49B6-9EFF-46E03A2756B3}.Debug|Win32.Build.0 = Debug|Any CPU
		{4E5971CA-9830-49B6-9EFF-46E03A2756B3}.Debug|x64.ActiveCfg = Debug|Any CPU
		{4E5971CA-9830-49B6-9EFF-46E03A2756B3}.Debug|x64.Build.0 = Debug|Any CPU
		{4E5971CA-9830-49B6-9EFF-46E03A2756B3}.Release|Any CPU.ActiveCfg = Release|Any CPU
		{4E5971CA-9830-49B6-9EFF-46E03A2756B3}.Release|Any CPU.Build.0 = Release|Any CPU
		{4E5971CA-9830-49B6-9EFF-46E03A2756B3}.Release|Win32.ActiveCfg = Release|Any CPU
		{4E5971CA-9830-49B6-9EFF-46E03A2756B3}.Release|Win32.Build.0 = Release|Any CPU
		{4E5971CA-9830-49B6-9EFF-46E03A2756B3}.Release|x64.ActiveCfg = Release|Any CPU
		{4E5971CA-9830-49B6-9EFF-46E03A2756B3}.Release|x64.Build.0 = Release|Any CPU
		{4239FFB7-7FD9-4C1D-A18A-C302181904BD}.Debug|Any CPU.ActiveCfg = Debug|Any CPU
		{4239FFB7-7FD9-4C1D-A18A-C302181904BD}.Debug|Any CPU.Build.0 = Debug|Any CPU
		{4239FFB7-7FD9-4C1D-A18A-C302181904BD}.Debug|Win32.ActiveCfg = Debug|Any CPU
		{4239FFB7-7FD9-4C1D-A18A-C302181904BD}.Debug|Win32.Build.0 = Debug|Any CPU
		{4239FFB7-7FD9-4C1D-A18A-C302181904BD}.Debug|x64.ActiveCfg = Debug|Any CPU
		{4239FFB7-7FD9-4C1D-A18A-C302181904BD}.Debug|x64.Build.0 = Debug|Any CPU
		{4239FFB7-7FD9-4C1D-A18A-C302181904BD}.Release|Any CPU.ActiveCfg = Release|Any CPU
		{4239FFB7-7FD9-4C1D-A18A-C302181904BD}.Release|Any CPU.Build.0 = Release|Any CPU
		{4239FFB7-7FD9-4C1D-A18A-C302181904BD}.Release|Win32.ActiveCfg = Release|Any CPU
		{4239FFB7-7FD9-4C1D-A18A-C302181904BD}.Release|Win32.Build.0 = Release|Any CPU
		{4239FFB7-7FD9-4C1D-A18A-C302181904BD}.Release|x64.ActiveCfg = Release|Any CPU
		{4239FFB7-7FD9-4C1D-A18A-C302181904BD}.Release|x64.Build.0 = Release|Any CPU
	EndGlobalSection
	GlobalSection(SolutionProperties) = preSolution
		HideSolutionNode = FALSE
	EndGlobalSection
	GlobalSection(ExtensibilityGlobals) = postSolution
		SolutionGuid = {98678F32-9174-4A40-B34D-2539DB916D61}
	EndGlobalSection
EndGlobal
