<?xml version="1.0" encoding="utf-8"?>
<Project ToolsVersion="4.0" xmlns="http://schemas.microsoft.com/developer/msbuild/2003">
  <ItemGroup>
    <Filter Include="Source Files">
      <UniqueIdentifier>{4FC737F1-C7A5-4376-A066-2A32D752A2FF}</UniqueIdentifier>
      <Extensions>cpp;c;cc;cxx;def;odl;idl;hpj;bat;asm;asmx</Extensions>
    </Filter>
    <Filter Include="Header Files">
      <UniqueIdentifier>{93995380-89BD-4b04-88EB-625FBE52EBFB}</UniqueIdentifier>
      <Extensions>h;hh;hpp;hxx;hm;inl;inc;xsd</Extensions>
    </Filter>
    <Filter Include="Resource Files">
      <UniqueIdentifier>{67DA6AB6-F800-4c08-8B7A-83BB121AAD01}</UniqueIdentifier>
      <Extensions>rc;ico;cur;bmp;dlg;rc2;rct;bin;rgs;gif;jpg;jpeg;jpe;resx;tiff;tif;png;wav;mfcribbon-ms</Extensions>
    </Filter>
  </ItemGroup>
  <ItemGroup>
    <ClInclude Include="DataContainers.h">
      <Filter>Header Files</Filter>
    </ClInclude>
    <ClInclude Include="IGraphicsService.h">
      <Filter>Header Files</Filter>
    </ClInclude>
    <ClInclude Include="PlatformTools.h">
      <Filter>Header Files</Filter>
    </ClInclude>
    <ClInclude Include="ServiceLocator.h">
      <Filter>Header Files</Filter>
    </ClInclude>
    <ClInclude Include="targetver.h">
      <Filter>Header Files</Filter>
    </ClInclude>
    <ClInclude Include="DirectXTK\dds.h">
      <Filter>Header Files</Filter>
    </ClInclude>
    <ClInclude Include="DirectXTK\DDSTextureLoader.h">
      <Filter>Header Files</Filter>
    </ClInclude>
    <ClInclude Include="DirectXTK\PlatformHelpers.h">
      <Filter>Header Files</Filter>
    </ClInclude>
    <ClInclude Include="DirectXTK\WICTextureLoader.h">
      <Filter>Header Files</Filter>
    </ClInclude>
    <ClInclude Include="Tungsten3D\Effect.h">
      <Filter>Header Files</Filter>
    </ClInclude>
    <ClInclude Include="Tungsten2D\SpriteImmediateEffect.h">
      <Filter>Header Files</Filter>
    </ClInclude>
    <ClInclude Include="TungstenMath\Rectangle.h">
      <Filter>Header Files</Filter>
    </ClInclude>
    <ClInclude Include="TungstenMath\Vector.h">
      <Filter>Header Files</Filter>
    </ClInclude>
    <ClInclude Include="TungstenMath.h">
      <Filter>Header Files</Filter>
    </ClInclude>
    <ClInclude Include="Tungsten2D.h">
      <Filter>Header Files</Filter>
    </ClInclude>
    <ClInclude Include="Tungsten2D\Sprite.h">
      <Filter>Header Files</Filter>
    </ClInclude>
    <ClInclude Include="Tungsten3D\Texture.h">
      <Filter>Header Files</Filter>
    </ClInclude>
    <ClInclude Include="Tungsten3D.h">
      <Filter>Header Files</Filter>
    </ClInclude>
    <ClInclude Include="Tungsten3D\TextureLoader.h">
      <Filter>Header Files</Filter>
    </ClInclude>
    <ClInclude Include="Tungsten2D\PixelCoordinates.h">
      <Filter>Header Files</Filter>
    </ClInclude>
    <ClInclude Include="Timer.h">
      <Filter>Header Files</Filter>
    </ClInclude>
    <ClInclude Include="Tungsten3D\MeshEffect.h">
      <Filter>Header Files</Filter>
    </ClInclude>
    <ClInclude Include="Tungsten3D\OBJparser.h">
      <Filter>Header Files</Filter>
    </ClInclude>
    <ClInclude Include="Tungsten3D\Mesh.h">
      <Filter>Header Files</Filter>
    </ClInclude>
    <ClInclude Include="Tungsten3D\Camera.h">
      <Filter>Header Files</Filter>
    </ClInclude>
    <ClInclude Include="Tungsten3D\LightSource.h">
      <Filter>Header Files</Filter>
    </ClInclude>
  </ItemGroup>
  <ItemGroup>
    <ClCompile Include="PlatformTools.cpp">
      <Filter>Source Files</Filter>
    </ClCompile>
    <ClCompile Include="ServiceLocator.cpp">
      <Filter>Source Files</Filter>
    </ClCompile>
    <ClCompile Include="DirectXTK\DDSTextureLoader.cpp">
      <Filter>Source Files</Filter>
    </ClCompile>
    <ClCompile Include="DirectXTK\WICTextureLoader.cpp">
      <Filter>Source Files</Filter>
    </ClCompile>
    <ClCompile Include="Tungsten3D\Effect.cpp">
      <Filter>Source Files</Filter>
    </ClCompile>
    <ClCompile Include="Tungsten2D\SpriteImmediateEffect.cpp">
      <Filter>Source Files</Filter>
    </ClCompile>
    <ClCompile Include="Tungsten2D\Sprite.cpp">
      <Filter>Source Files</Filter>
    </ClCompile>
    <ClCompile Include="Tungsten3D\TextureLoader.cpp">
      <Filter>Source Files</Filter>
    </ClCompile>
    <ClCompile Include="Tungsten2D\PixelCoordinates.cpp">
      <Filter>Source Files</Filter>
    </ClCompile>
    <ClCompile Include="Timer.cpp">
      <Filter>Source Files</Filter>
    </ClCompile>
    <ClCompile Include="Tungsten3D\MeshEffect.cpp">
      <Filter>Source Files</Filter>
    </ClCompile>
    <ClCompile Include="Tungsten3D\OBJparser.cpp">
      <Filter>Source Files</Filter>
    </ClCompile>
    <ClCompile Include="Tungsten3D\Mesh.cpp">
      <Filter>Source Files</Filter>
    </ClCompile>
    <ClCompile Include="Tungsten3D\Camera.cpp">
      <Filter>Source Files</Filter>
    </ClCompile>
    <ClCompile Include="Tungsten3D\LightSource.cpp">
      <Filter>Source Files</Filter>
    </ClCompile>
  </ItemGroup>
</Project>